
Microsoft Visual Studio Solution File, Format Version 12.00
# Visual Studio 2015
Project("{FAE04EC0-301F-11D3-BF4B-00C04F79EFBC}") = "SynchroNote", "SynchroNote.csproj", "{30FAABE6-F726-9C4F-A007-A5344B3E0909}"
EndProject
Global
	GlobalSection(SolutionConfigurationPlatforms) = preSolution
		Debug|Any CPU = Debug|Any CPU
		Release|Any CPU = Release|Any CPU
	EndGlobalSection
	GlobalSection(ProjectConfigurationPlatforms) = postSolution
		{30FAABE6-F726-9C4F-A007-A5344B3E0909}.Debug|Any CPU.ActiveCfg = Debug|Any CPU
		{30FAABE6-F726-9C4F-A007-A5344B3E0909}.Debug|Any CPU.Build.0 = Debug|Any CPU
		{30FAABE6-F726-9C4F-A007-A5344B3E0909}.Release|Any CPU.ActiveCfg = Release|Any CPU
		{30FAABE6-F726-9C4F-A007-A5344B3E0909}.Release|Any CPU.Build.0 = Release|Any CPU
	EndGlobalSection
	GlobalSection(SolutionProperties) = preSolution
		HideSolutionNode = FALSE
	EndGlobalSection
EndGlobal
